
Microsoft Visual Studio Solution File, Format Version 12.00
# Visual Studio Version 17
VisualStudioVersion = 17.2.32516.85
MinimumVisualStudioVersion = 10.0.40219.1
Project("{FAE04EC0-301F-11D3-BF4B-00C04F79EFBC}") = "Seminarska", "Seminarska\Seminarska.csproj", "{0E2F4DFD-6230-4DA7-B1C3-EE37F03C5712}"
EndProject
Global
	GlobalSection(SolutionConfigurationPlatforms) = preSolution
		Debug|Any CPU = Debug|Any CPU
		Release|Any CPU = Release|Any CPU
	EndGlobalSection
	GlobalSection(ProjectConfigurationPlatforms) = postSolution
		{0E2F4DFD-6230-4DA7-B1C3-EE37F03C5712}.Debug|Any CPU.ActiveCfg = Debug|Any CPU
		{0E2F4DFD-6230-4DA7-B1C3-EE37F03C5712}.Debug|Any CPU.Build.0 = Debug|Any CPU
		{0E2F4DFD-6230-4DA7-B1C3-EE37F03C5712}.Release|Any CPU.ActiveCfg = Release|Any CPU
		{0E2F4DFD-6230-4DA7-B1C3-EE37F03C5712}.Release|Any CPU.Build.0 = Release|Any CPU
	EndGlobalSection
	GlobalSection(SolutionProperties) = preSolution
		HideSolutionNode = FALSE
	EndGlobalSection
	GlobalSection(ExtensibilityGlobals) = postSolution
		SolutionGuid = {FA2CA0A9-6FA1-47F1-8BEB-A24000481EB7}
	EndGlobalSection
EndGlobal
